
Microsoft Visual Studio Solution File, Format Version 12.00
# Visual Studio Version 16
VisualStudioVersion = 16.0.28922.388
MinimumVisualStudioVersion = 10.0.40219.1
Project("{FAE04EC0-301F-11D3-BF4B-00C04F79EFBC}") = "Project1", "Project1\Project1.csproj", "{C25BD736-E16A-428E-8C1F-03FA08A831A4}"
EndProject
Global
	GlobalSection(SolutionConfigurationPlatforms) = preSolution
		Debug|Any CPU = Debug|Any CPU
		Release|Any CPU = Release|Any CPU
	EndGlobalSection
	GlobalSection(ProjectConfigurationPlatforms) = postSolution
		{C25BD736-E16A-428E-8C1F-03FA08A831A4}.Debug|Any CPU.ActiveCfg = Debug|Any CPU
		{C25BD736-E16A-428E-8C1F-03FA08A831A4}.Debug|Any CPU.Build.0 = Debug|Any CPU
		{C25BD736-E16A-428E-8C1F-03FA08A831A4}.Release|Any CPU.ActiveCfg = Release|Any CPU
		{C25BD736-E16A-428E-8C1F-03FA08A831A4}.Release|Any CPU.Build.0 = Release|Any CPU
	EndGlobalSection
	GlobalSection(SolutionProperties) = preSolution
		HideSolutionNode = FALSE
	EndGlobalSection
	GlobalSection(ExtensibilityGlobals) = postSolution
		SolutionGuid = {EC43E3CF-7DB0-4A2A-894F-A7B2B97C31F1}
	EndGlobalSection
EndGlobal
